
Microsoft Visual Studio Solution File, Format Version 12.00
# Visual Studio Version 16
VisualStudioVersion = 16.0.31410.357
MinimumVisualStudioVersion = 10.0.40219.1
Project("{FAE04EC0-301F-11D3-BF4B-00C04F79EFBC}") = "WorkerConecMongo", "WorkerConecMongo.csproj", "{78757358-F23B-43D1-9E74-E95C94A0209C}"
EndProject
Global
	GlobalSection(SolutionConfigurationPlatforms) = preSolution
		Debug|Any CPU = Debug|Any CPU
		Release|Any CPU = Release|Any CPU
	EndGlobalSection
	GlobalSection(ProjectConfigurationPlatforms) = postSolution
		{78757358-F23B-43D1-9E74-E95C94A0209C}.Debug|Any CPU.ActiveCfg = Debug|Any CPU
		{78757358-F23B-43D1-9E74-E95C94A0209C}.Debug|Any CPU.Build.0 = Debug|Any CPU
		{78757358-F23B-43D1-9E74-E95C94A0209C}.Release|Any CPU.ActiveCfg = Release|Any CPU
		{78757358-F23B-43D1-9E74-E95C94A0209C}.Release|Any CPU.Build.0 = Release|Any CPU
	EndGlobalSection
	GlobalSection(SolutionProperties) = preSolution
		HideSolutionNode = FALSE
	EndGlobalSection
	GlobalSection(ExtensibilityGlobals) = postSolution
		SolutionGuid = {7A27502B-5D1A-4BBC-92F9-F5E08BF1E818}
	EndGlobalSection
EndGlobal
